
Microsoft Visual Studio Solution File, Format Version 12.00
# Visual Studio Version 17
VisualStudioVersion = 17.10.35013.160
MinimumVisualStudioVersion = 10.0.40219.1
Project("{9A19103F-16F7-4668-BE54-9A1E7A4F7556}") = "TimeTrackerBlazorWitkac", "TimeTrackerBlazorWitkac\TimeTrackerBlazorWitkac.csproj", "{60967552-4789-4999-BEA1-8FD17C0389EA}"
EndProject
Global
	GlobalSection(SolutionConfigurationPlatforms) = preSolution
		Debug|Any CPU = Debug|Any CPU
		Release|Any CPU = Release|Any CPU
	EndGlobalSection
	GlobalSection(ProjectConfigurationPlatforms) = postSolution
		{60967552-4789-4999-BEA1-8FD17C0389EA}.Debug|Any CPU.ActiveCfg = Debug|Any CPU
		{60967552-4789-4999-BEA1-8FD17C0389EA}.Debug|Any CPU.Build.0 = Debug|Any CPU
		{60967552-4789-4999-BEA1-8FD17C0389EA}.Release|Any CPU.ActiveCfg = Release|Any CPU
		{60967552-4789-4999-BEA1-8FD17C0389EA}.Release|Any CPU.Build.0 = Release|Any CPU
	EndGlobalSection
	GlobalSection(SolutionProperties) = preSolution
		HideSolutionNode = FALSE
	EndGlobalSection
	GlobalSection(ExtensibilityGlobals) = postSolution
		SolutionGuid = {0F0A09FF-9CD8-4EE3-BF80-3152C3EB935D}
	EndGlobalSection
EndGlobal
